hash: 3f14578799112a5204a347a266052f0d2d4ed06b33481936d31da1915a596b6a
updated: 2016-11-02T11:05:50.869348085-05:00
imports:
- name: github.com/apuigsech/seekret
  version: 3e7a141d7fb7142216328d037019a376b002eea2
  subpackages:
  - models
- name: github.com/apuigsech/seekret-source-git
  version: 7a67416c70d760854c209bc9bf137b3791dab445
- name: github.com/codahale/blake2
  version: 8d10d0420cbfbdc9c1164c0c4ad3457a6c3771b9
- name: github.com/emptyinterface/sshconfig
  version: 9c4bfc0173e290759f33f37c0dcdb9af924be939
- name: github.com/libgit2/git2go
  version: e9668545c972870637b79670bcb532401353c3d6
- name: github.com/urfave/cli
  version: a14d7d367bc02b1f57d88de97926727f2d936387
- name: gopkg.in/yaml.v2
  version: a5b47d31c556af34a302ce5d659e6fea44d90de0
testImports: []
